
Microsoft Visual Studio Solution File, Format Version 12.00
# Visual Studio Version 17
VisualStudioVersion = 17.8.34330.188
MinimumVisualStudioVersion = 10.0.40219.1
Project("{FAE04EC0-301F-11D3-BF4B-00C04F79EFBC}") = "WebApiSample", "WebApiSample\WebApiSample.csproj", "{6908F254-6274-4968-B1BA-27A3772E3C77}"
EndProject
Global
	GlobalSection(SolutionConfigurationPlatforms) = preSolution
		Debug|Any CPU = Debug|Any CPU
		Release|Any CPU = Release|Any CPU
	EndGlobalSection
	GlobalSection(ProjectConfigurationPlatforms) = postSolution
		{6908F254-6274-4968-B1BA-27A3772E3C77}.Debug|Any CPU.ActiveCfg = Debug|Any CPU
		{6908F254-6274-4968-B1BA-27A3772E3C77}.Debug|Any CPU.Build.0 = Debug|Any CPU
		{6908F254-6274-4968-B1BA-27A3772E3C77}.Release|Any CPU.ActiveCfg = Release|Any CPU
		{6908F254-6274-4968-B1BA-27A3772E3C77}.Release|Any CPU.Build.0 = Release|Any CPU
	EndGlobalSection
	GlobalSection(SolutionProperties) = preSolution
		HideSolutionNode = FALSE
	EndGlobalSection
	GlobalSection(ExtensibilityGlobals) = postSolution
		SolutionGuid = {1AF39AD4-13CE-4C41-8D90-A0D535826A84}
	EndGlobalSection
EndGlobal
